{
    "_readme": [
        "This file locks the dependencies of your project to a known state",
        "Read more about it at https://getcomposer.org/doc/01-basic-usage.md#installing-dependencies",
        "This file is @generated automatically"
    ],
    "content-hash": "ebd4bb692fa7e27ea3a9d9eb3fec5c1e",
    "packages": [
        {
            "name": "sprnva/fortify",
            "version": "v1.0.15",
            "source": {
                "type": "git",
                "url": "https://github.com/sprnva/fortify.git",
                "reference": "53df8cfc6daf44a802ff63e6b09a46efd906c7fd"
            },
            "dist": {
                "type": "zip",
                "url": "https://api.github.com/repos/sprnva/fortify/zipball/53df8cfc6daf44a802ff63e6b09a46efd906c7fd",
                "reference": "53df8cfc6daf44a802ff63e6b09a46efd906c7fd",
                "shasum": ""
            },
            "type": "library",
            "notification-url": "https://packagist.org/downloads/",
            "license": [
                "MIT"
            ],
            "authors": [
                {
                    "name": "Judywen Guapin",
                    "email": "jguapin21@gmail.com"
                }
            ],
            "description": "The Authentication Scaffolding for Sprnva Framework.",
            "keywords": [
                "auth",
                "framework",
                "sprnva"
            ],
            "support": {
                "issues": "https://github.com/sprnva/fortify/issues",
                "source": "https://github.com/sprnva/fortify/tree/v1.0.15"
            },
            "time": "2021-10-22T02:01:42+00:00"
        },
        {
            "name": "sprnva/framework",
            "version": "v1.3.34",
            "source": {
                "type": "git",
                "url": "https://github.com/sprnva/framework.git",
                "reference": "db28b6a6dba8ae0b7c6f27bb7643127eb3b50c9f"
            },
            "dist": {
                "type": "zip",
                "url": "https://api.github.com/repos/sprnva/framework/zipball/db28b6a6dba8ae0b7c6f27bb7643127eb3b50c9f",
                "reference": "db28b6a6dba8ae0b7c6f27bb7643127eb3b50c9f",
                "shasum": ""
            },
            "type": "library",
            "autoload": {
                "files": [
                    "src/Helpers.php",
                    "src/bootstrap.php",
                    "src/Routes.php"
                ]
            },
            "notification-url": "https://packagist.org/downloads/",
            "license": [
                "MIT"
            ],
            "authors": [
                {
                    "name": "Judywen Guapin",
                    "email": "jguapin21@gmail.com"
                }
            ],
            "description": "The Sprnva Framework.",
            "keywords": [
                "framework",
                "sprnva"
            ],
            "support": {
                "issues": "https://github.com/sprnva/framework/issues",
                "source": "https://github.com/sprnva/framework/tree/v1.3.34"
            },
            "time": "2021-12-16T01:48:17+00:00"
        }
    ],
    "packages-dev": [],
    "aliases": [],
    "minimum-stability": "dev",
    "stability-flags": [],
    "prefer-stable": true,
    "prefer-lowest": false,
    "platform": {
        "php": ">=5.6"
    },
    "platform-dev": [],
    "plugin-api-version": "2.1.0"
}
